
Microsoft Visual Studio Solution File, Format Version 12.00
# Visual Studio Version 17
VisualStudioVersion = 17.9.34622.214
MinimumVisualStudioVersion = 10.0.40219.1
Project("{FAE04EC0-301F-11D3-BF4B-00C04F79EFBC}") = "Herfitk_UP.Server", "Herfitk_UP.Server\Herfitk_UP.Server.csproj", "{F029B75D-87EC-49D5-BA59-7B2A4226CF3A}"
EndProject
Project("{54A90642-561A-4BB1-A94E-469ADEE60C69}") = "herfitk_up.client", "herfitk_up.client\herfitk_up.client.esproj", "{917E0543-D3CE-4631-AA0A-7B4CD4C1E698}"
EndProject
Global
	GlobalSection(SolutionConfigurationPlatforms) = preSolution
		Debug|Any CPU = Debug|Any CPU
		Release|Any CPU = Release|Any CPU
	EndGlobalSection
	GlobalSection(ProjectConfigurationPlatforms) = postSolution
		{F029B75D-87EC-49D5-BA59-7B2A4226CF3A}.Debug|Any CPU.ActiveCfg = Debug|Any CPU
		{F029B75D-87EC-49D5-BA59-7B2A4226CF3A}.Debug|Any CPU.Build.0 = Debug|Any CPU
		{F029B75D-87EC-49D5-BA59-7B2A4226CF3A}.Release|Any CPU.ActiveCfg = Release|Any CPU
		{F029B75D-87EC-49D5-BA59-7B2A4226CF3A}.Release|Any CPU.Build.0 = Release|Any CPU
		{917E0543-D3CE-4631-AA0A-7B4CD4C1E698}.Debug|Any CPU.ActiveCfg = Debug|Any CPU
		{917E0543-D3CE-4631-AA0A-7B4CD4C1E698}.Debug|Any CPU.Build.0 = Debug|Any CPU
		{917E0543-D3CE-4631-AA0A-7B4CD4C1E698}.Debug|Any CPU.Deploy.0 = Debug|Any CPU
		{917E0543-D3CE-4631-AA0A-7B4CD4C1E698}.Release|Any CPU.ActiveCfg = Release|Any CPU
		{917E0543-D3CE-4631-AA0A-7B4CD4C1E698}.Release|Any CPU.Build.0 = Release|Any CPU
		{917E0543-D3CE-4631-AA0A-7B4CD4C1E698}.Release|Any CPU.Deploy.0 = Release|Any CPU
	EndGlobalSection
	GlobalSection(SolutionProperties) = preSolution
		HideSolutionNode = FALSE
	EndGlobalSection
	GlobalSection(ExtensibilityGlobals) = postSolution
		SolutionGuid = {22734EC9-47C4-4B07-ABF1-25B044C03B7E}
	EndGlobalSection
EndGlobal
